// !$*UTF8*$!
{
	archiveVersion = 1;
	classes = {
	};
	objectVersion = 46;
	objects = {

/* Begin PBXBuildFile section */
		A4824D1219D99DD3009ECF36 /* AppDelegate.swift in Sources */ = {isa = PBXBuildFile; fileRef = A4824D1119D99DD3009ECF36 /* AppDelegate.swift */; };
		A4824D1419D99DD3009ECF36 /* FirstViewController.swift in Sources */ = {isa = PBXBuildFile; fileRef = A4824D1319D99DD3009ECF36 /* FirstViewController.swift */; };
		A4824D1619D99DD3009ECF36 /* SecondViewController.swift in Sources */ = {isa = PBXBuildFile; fileRef = A4824D1519D99DD3009ECF36 /* SecondViewController.swift */; };
		A4824D1919D99DD3009ECF36 /* Main.storyboard in Resources */ = {isa = PBXBuildFile; fileRef = A4824D1719D99DD3009ECF36 /* Main.storyboard */; };
		A4824D1B19D99DD3009ECF36 /* Images.xcassets in Resources */ = {isa = PBXBuildFile; fileRef = A4824D1A19D99DD3009ECF36 /* Images.xcassets */; };
		A4824D1E19D99DD3009ECF36 /* LaunchScreen.xib in Resources */ = {isa = PBXBuildFile; fileRef = A4824D1C19D99DD3009ECF36 /* LaunchScreen.xib */; };
		A4824D2A19D99DD3009ECF36 /* oToTests.swift in Sources */ = {isa = PBXBuildFile; fileRef = A4824D2919D99DD3009ECF36 /* oToTests.swift */; };
/* End PBXBuildFile section */

/* Begin PBXContainerItemProxy section */
		A4824D2419D99DD3009ECF36 /* PBXContainerItemProxy */ = {
			isa = PBXContainerItemProxy;
			containerPortal = A4824D0419D99DD3009ECF36 /* Project object */;
			proxyType = 1;
			remoteGlobalIDString = A4824D0B19D99DD3009ECF36;
			remoteInfo = oTo;
		};
/* End PBXContainerItemProxy section */

/* Begin PBXFileReference section */
		A4824D0C19D99DD3009ECF36 /* oTo.app */ = {isa = PBXFileReference; explicitFileType = wrapper.application; includeInIndex = 0; path = oTo.app; sourceTree = BUILT_PRODUCTS_DIR; };
		A4824D1019D99DD3009ECF36 /* Info.plist */ = {isa = PBXFileReference; lastKnownFileType = text.plist.xml; path = Info.plist; sourceTree = "<group>"; };
		A4824D1119D99DD3009ECF36 /* AppDelegate.swift */ = {isa = PBXFileReference; lastKnownFileType = sourcecode.swift; path = AppDelegate.swift; sourceTree = "<group>"; };
		A4824D1319D99DD3009ECF36 /* FirstViewController.swift */ = {isa = PBXFileReference; lastKnownFileType = sourcecode.swift; path = FirstViewController.swift; sourceTree = "<group>"; };
		A4824D1519D99DD3009ECF36 /* SecondViewController.swift */ = {isa = PBXFileReference; lastKnownFileType = sourcecode.swift; path = SecondViewController.swift; sourceTree = "<group>"; };
		A4824D1819D99DD3009ECF36 /* Base */ = {isa = PBXFileReference; lastKnownFileType = file.storyboard; name = Base; path = Base.lproj/Main.storyboard; sourceTree = "<group>"; };
		A4824D1A19D99DD3009ECF36 /* Images.xcassets */ = {isa = PBXFileReference; lastKnownFileType = folder.assetcatalog; path = Images.xcassets; sourceTree = "<group>"; };
		A4824D1D19D99DD3009ECF36 /* Base */ = {isa = PBXFileReference; lastKnownFileType = file.xib; name = Base; path = Base.lproj/LaunchScreen.xib; sourceTree = "<group>"; };
		A4824D2319D99DD3009ECF36 /* oToTests.xctest */ = {isa = PBXFileReference; explicitFileType = wrapper.cfbundle; includeInIndex = 0; path = oToTests.xctest; sourceTree = BUILT_PRODUCTS_DIR; };
		A4824D2819D99DD3009ECF36 /* Info.plist */ = {isa = PBXFileReference; lastKnownFileType = text.plist.xml; path = Info.plist; sourceTree = "<group>"; };
		A4824D2919D99DD3009ECF36 /* oToTests.swift */ = {isa = PBXFileReference; lastKnownFileType = sourcecode.swift; path = oToTests.swift; sourceTree = "<group>"; };
/* End PBXFileReference section */

/* Begin PBXFrameworksBuildPhase section */
		A4824D0919D99DD3009ECF36 /* Frameworks */ = {
			isa = PBXFrameworksBuildPhase;
			buildActionMask = 2147483647;
			files = (
			);
			runOnlyForDeploymentPostprocessing = 0;
		};
		A4824D2019D99DD3009ECF36 /* Frameworks */ = {
			isa = PBXFrameworksBuildPhase;
			buildActionMask = 2147483647;
			files = (
			);
			runOnlyForDeploymentPostprocessing = 0;
		};
/* End PBXFrameworksBuildPhase section */

/* Begin PBXGroup section */
		A4824D0319D99DD3009ECF36 = {
			isa = PBXGroup;
			children = (
				A4824D0E19D99DD3009ECF36 /* oTo */,
				A4824D2619D99DD3009ECF36 /* oToTests */,
				A4824D0D19D99DD3009ECF36 /* Products */,
			);
			sourceTree = "<group>";
		};
		A4824D0D19D99DD3009ECF36 /* Products */ = {
			isa = PBXGroup;
			children = (
				A4824D0C19D99DD3009ECF36 /* oTo.app */,
				A4824D2319D99DD3009ECF36 /* oToTests.xctest */,
			);
			name = Products;
			sourceTree = "<group>";
		};
		A4824D0E19D99DD3009ECF36 /* oTo */ = {
			isa = PBXGroup;
			children = (
				A4824D1119D99DD3009ECF36 /* AppDelegate.swift */,
				A4824D1319D99DD3009ECF36 /* FirstViewController.swift */,
				A4824D1519D99DD3009ECF36 /* SecondViewController.swift */,
				A4824D1719D99DD3009ECF36 /* Main.storyboard */,
				A4824D1A19D99DD3009ECF36 /* Images.xcassets */,
				A4824D1C19D99DD3009ECF36 /* LaunchScreen.xib */,
				A4824D0F19D99DD3009ECF36 /* Supporting Files */,
			);
			path = oTo;
			sourceTree = "<group>";
		};
		A4824D0F19D99DD3009ECF36 /* Supporting Files */ = {
			isa = PBXGroup;
			children = (
				A4824D1019D99DD3009ECF36 /* Info.plist */,
			);
			name = "Supporting Files";
			sourceTree = "<group>";
		};
		A4824D2619D99DD3009ECF36 /* oToTests */ = {
			isa = PBXGroup;
			children = (
				A4824D2919D99DD3009ECF36 /* oToTests.swift */,
				A4824D2719D99DD3009ECF36 /* Supporting Files */,
			);
			path = oToTests;
			sourceTree = "<group>";
		};
		A4824D2719D99DD3009ECF36 /* Supporting Files */ = {
			isa = PBXGroup;
			children = (
				A4824D2819D99DD3009ECF36 /* Info.plist */,
			);
			name = "Supporting Files";
			sourceTree = "<group>";
		};
/* End PBXGroup section */

/* Begin PBXNativeTarget section */
		A4824D0B19D99DD3009ECF36 /* oTo */ = {
			isa = PBXNativeTarget;
			buildConfigurationList = A4824D2D19D99DD3009ECF36 /* Build configuration list for PBXNativeTarget "oTo" */;
			buildPhases = (
				A4824D0819D99DD3009ECF36 /* Sources */,
				A4824D0919D99DD3009ECF36 /* Frameworks */,
				A4824D0A19D99DD3009ECF36 /* Resources */,
			);
			buildRules = (
			);
			dependencies = (
			);
			name = oTo;
			productName = oTo;
			productReference = A4824D0C19D99DD3009ECF36 /* oTo.app */;
			productType = "com.apple.product-type.application";
		};
		A4824D2219D99DD3009ECF36 /* oToTests */ = {
			isa = PBXNativeTarget;
			buildConfigurationList = A4824D3019D99DD3009ECF36 /* Build configuration list for PBXNativeTarget "oToTests" */;
			buildPhases = (
				A4824D1F19D99DD3009ECF36 /* Sources */,
				A4824D2019D99DD3009ECF36 /* Frameworks */,
				A4824D2119D99DD3009ECF36 /* Resources */,
			);
			buildRules = (
			);
			dependencies = (
				A4824D2519D99DD3009ECF36 /* PBXTargetDependency */,
			);
			name = oToTests;
			productName = oToTests;
			productReference = A4824D2319D99DD3009ECF36 /* oToTests.xctest */;
			productType = "com.apple.product-type.bundle.unit-test";
		};
/* End PBXNativeTarget section */

/* Begin PBXProject section */
		A4824D0419D99DD3009ECF36 /* Project object */ = {
			isa = PBXProject;
			attributes = {
				LastUpgradeCheck = 0600;
				ORGANIZATIONNAME = Kul.com;
				TargetAttributes = {
					A4824D0B19D99DD3009ECF36 = {
						CreatedOnToolsVersion = 6.0;
					};
					A4824D2219D99DD3009ECF36 = {
						CreatedOnToolsVersion = 6.0;
						TestTargetID = A4824D0B19D99DD3009ECF36;
					};
				};
			};
			buildConfigurationList = A4824D0719D99DD3009ECF36 /* Build configuration list for PBXProject "oTo" */;
			compatibilityVersion = "Xcode 3.2";
			developmentRegion = English;
			hasScannedForEncodings = 0;
			knownRegions = (
				en,
				Base,
			);
			mainGroup = A4824D0319D99DD3009ECF36;
			productRefGroup = A4824D0D19D99DD3009ECF36 /* Products */;
			projectDirPath = "";
			projectRoot = "";
			targets = (
				A4824D0B19D99DD3009ECF36 /* oTo */,
				A4824D2219D99DD3009ECF36 /* oToTests */,
			);
		};
/* End PBXProject section */

/* Begin PBXResourcesBuildPhase section */
		A4824D0A19D99DD3009ECF36 /* Resources */ = {
			isa = PBXResourcesBuildPhase;
			buildActionMask = 2147483647;
			files = (
				A4824D1919D99DD3009ECF36 /* Main.storyboard in Resources */,
				A4824D1E19D99DD3009ECF36 /* LaunchScreen.xib in Resources */,
				A4824D1B19D99DD3009ECF36 /* Images.xcassets in Resources */,
			);
			runOnlyForDeploymentPostprocessing = 0;
		};
		A4824D2119D99DD3009ECF36 /* Resources */ = {
			isa = PBXResourcesBuildPhase;
			buildActionMask = 2147483647;
			files = (
			);
			runOnlyForDeploymentPostprocessing = 0;
		};
/* End PBXResourcesBuildPhase section */

/* Begin PBXSourcesBuildPhase section */
		A4824D0819D99DD3009ECF36 /* Sources */ = {
			isa = PBXSourcesBuildPhase;
			buildActionMask = 2147483647;
			files = (
				A4824D1619D99DD3009ECF36 /* SecondViewController.swift in Sources */,
				A4824D1219D99DD3009ECF36 /* AppDelegate.swift in Sources */,
				A4824D1419D99DD3009ECF36 /* FirstViewController.swift in Sources */,
			);
			runOnlyForDeploymentPostprocessing = 0;
		};
		A4824D1F19D99DD3009ECF36 /* Sources */ = {
			isa = PBXSourcesBuildPhase;
			buildActionMask = 2147483647;
			files = (
				A4824D2A19D99DD3009ECF36 /* oToTests.swift in Sources */,
			);
			runOnlyForDeploymentPostprocessing = 0;
		};
/* End PBXSourcesBuildPhase section */

/* Begin PBXTargetDependency section */
		A4824D2519D99DD3009ECF36 /* PBXTargetDependency */ = {
			isa = PBXTargetDependency;
			target = A4824D0B19D99DD3009ECF36 /* oTo */;
			targetProxy = A4824D2419D99DD3009ECF36 /* PBXContainerItemProxy */;
		};
/* End PBXTargetDependency section */

/* Begin PBXVariantGroup section */
		A4824D1719D99DD3009ECF36 /* Main.storyboard */ = {
			isa = PBXVariantGroup;
			children = (
				A4824D1819D99DD3009ECF36 /* Base */,
			);
			name = Main.storyboard;
			sourceTree = "<group>";
		};
		A4824D1C19D99DD3009ECF36 /* LaunchScreen.xib */ = {
			isa = PBXVariantGroup;
			children = (
				A4824D1D19D99DD3009ECF36 /* Base */,
			);
			name = LaunchScreen.xib;
			sourceTree = "<group>";
		};
/* End PBXVariantGroup section */

/* Begin XCBuildConfiguration section */
		A4824D2B19D99DD3009ECF36 /* Debug */ = {
			isa = XCBuildConfiguration;
			buildSettings = {
				ALWAYS_SEARCH_USER_PATHS = NO;
				CLANG_CXX_LANGUAGE_STANDARD = "gnu++0x";
				CLANG_CXX_LIBRARY = "libc++";
				CLANG_ENABLE_MODULES = YES;
				CLANG_ENABLE_OBJC_ARC = YES;
				CLANG_WARN_BOOL_CONVERSION = YES;
				CLANG_WARN_CONSTANT_CONVERSION = YES;
				CLANG_WARN_DIRECT_OBJC_ISA_USAGE = YES_ERROR;
				CLANG_WARN_EMPTY_BODY = YES;
				CLANG_WARN_ENUM_CONVERSION = YES;
				CLANG_WARN_INT_CONVERSION = YES;
				CLANG_WARN_OBJC_ROOT_CLASS = YES_ERROR;
				CLANG_WARN_UNREACHABLE_CODE = YES;
				CLANG_WARN__DUPLICATE_METHOD_MATCH = YES;
				"CODE_SIGN_IDENTITY[sdk=iphoneos*]" = "iPhone Developer";
				COPY_PHASE_STRIP = NO;
				ENABLE_STRICT_OBJC_MSGSEND = YES;
				GCC_C_LANGUAGE_STANDARD = gnu99;
				GCC_DYNAMIC_NO_PIC = NO;
				GCC_OPTIMIZATION_LEVEL = 0;
				GCC_PREPROCESSOR_DEFINITIONS = (
					"DEBUG=1",
					"$(inherited)",
				);
				GCC_SYMBOLS_PRIVATE_EXTERN = NO;
				GCC_WARN_64_TO_32_BIT_CONVERSION = YES;
				GCC_WARN_ABOUT_RETURN_TYPE = YES_ERROR;
				GCC_WARN_UNDECLARED_SELECTOR = YES;
				GCC_WARN_UNINITIALIZED_AUTOS = YES_AGGRESSIVE;
				GCC_WARN_UNUSED_FUNCTION = YES;
				GCC_WARN_UNUSED_VARIABLE = YES;
				IPHONEOS_DEPLOYMENT_TARGET = 8.0;
				MTL_ENABLE_DEBUG_INFO = YES;
				ONLY_ACTIVE_ARCH = YES;
				SDKROOT = iphoneos;
				SWIFT_OPTIMIZATION_LEVEL = "-Onone";
			};
			name = Debug;
		};
		A4824D2C19D99DD3009ECF36 /* Release */ = {
			isa = XCBuildConfiguration;
			buildSettings = {
				ALWAYS_SEARCH_USER_PATHS = NO;
				CLANG_CXX_LANGUAGE_STANDARD = "gnu++0x";
				CLANG_CXX_LIBRARY = "libc++";
				CLANG_ENABLE_MODULES = YES;
				CLANG_ENABLE_OBJC_ARC = YES;
				CLANG_WARN_BOOL_CONVERSION = YES;
				CLANG_WARN_CONSTANT_CONVERSION = YES;
				CLANG_WARN_DIRECT_OBJC_ISA_USAGE = YES_ERROR;
				CLANG_WARN_EMPTY_BODY = YES;
				CLANG_WARN_ENUM_CONVERSION = YES;
				CLANG_WARN_INT_CONVERSION = YES;
				CLANG_WARN_OBJC_ROOT_CLASS = YES_ERROR;
				CLANG_WARN_UNREACHABLE_CODE = YES;
				CLANG_WARN__DUPLICATE_METHOD_MATCH = YES;
				"CODE_SIGN_IDENTITY[sdk=iphoneos*]" = "iPhone Developer";
				COPY_PHASE_STRIP = YES;
				ENABLE_NS_ASSERTIONS = NO;
				ENABLE_STRICT_OBJC_MSGSEND = YES;
				GCC_C_LANGUAGE_STANDARD = gnu99;
				GCC_WARN_64_TO_32_BIT_CONVERSION = YES;
				GCC_WARN_ABOUT_RETURN_TYPE = YES_ERROR;
				GCC_WARN_UNDECLARED_SELECTOR = YES;
				GCC_WARN_UNINITIALIZED_AUTOS = YES_AGGRESSIVE;
				GCC_WARN_UNUSED_FUNCTION = YES;
				GCC_WARN_UNUSED_VARIABLE = YES;
				IPHONEOS_DEPLOYMENT_TARGET = 8.0;
				MTL_ENABLE_DEBUG_INFO = NO;
				SDKROOT = iphoneos;
				VALIDATE_PRODUCT = YES;
			};
			name = Release;
		};
		A4824D2E19D99DD3009ECF36 /* Debug */ = {
			isa = XCBuildConfiguration;
			buildSettings = {
				ASSETCATALOG_COMPILER_APPICON_NAME = AppIcon;
				INFOPLIST_FILE = oTo/Info.plist;
				LD_RUNPATH_SEARCH_PATHS = "$(inherited) @executable_path/Frameworks";
				PRODUCT_NAME = "$(TARGET_NAME)";
			};
			name = Debug;
		};
		A4824D2F19D99DD3009ECF36 /* Release */ = {
			isa = XCBuildConfiguration;
			buildSettings = {
				ASSETCATALOG_COMPILER_APPICON_NAME = AppIcon;
				INFOPLIST_FILE = oTo/Info.plist;
				LD_RUNPATH_SEARCH_PATHS = "$(inherited) @executable_path/Frameworks";
				PRODUCT_NAME = "$(TARGET_NAME)";
			};
			name = Release;
		};
		A4824D3119D99DD3009ECF36 /* Debug */ = {
			isa = XCBuildConfiguration;
			buildSettings = {
				BUNDLE_LOADER = "$(TEST_HOST)";
				FRAMEWORK_SEARCH_PATHS = (
					"$(SDKROOT)/Developer/Library/Frameworks",
					"$(inherited)",
				);
				GCC_PREPROCESSOR_DEFINITIONS = (
					"DEBUG=1",
					"$(inherited)",
				);
				INFOPLIST_FILE = oToTests/Info.plist;
				LD_RUNPATH_SEARCH_PATHS = "$(inherited) @executable_path/Frameworks @loader_path/Frameworks";
				PRODUCT_NAME = "$(TARGET_NAME)";
				TEST_HOST = "$(BUILT_PRODUCTS_DIR)/oTo.app/oTo";
			};
			name = Debug;
		};
		A4824D3219D99DD3009ECF36 /* Release */ = {
			isa = XCBuildConfiguration;
			buildSettings = {
				BUNDLE_LOADER = "$(TEST_HOST)";
				FRAMEWORK_SEARCH_PATHS = (
					"$(SDKROOT)/Developer/Library/Frameworks",
					"$(inherited)",
				);
				INFOPLIST_FILE = oToTests/Info.plist;
				LD_RUNPATH_SEARCH_PATHS = "$(inherited) @executable_path/Frameworks @loader_path/Frameworks";
				PRODUCT_NAME = "$(TARGET_NAME)";
				TEST_HOST = "$(BUILT_PRODUCTS_DIR)/oTo.app/oTo";
			};
			name = Release;
		};
/* End XCBuildConfiguration section */

/* Begin XCConfigurationList section */
		A4824D0719D99DD3009ECF36 /* Build configuration list for PBXProject "oTo" */ = {
			isa = XCConfigurationList;
			buildConfigurations = (
				A4824D2B19D99DD3009ECF36 /* Debug */,
				A4824D2C19D99DD3009ECF36 /* Release */,
			);
			defaultConfigurationIsVisible = 0;
			defaultConfigurationName = Release;
		};
		A4824D2D19D99DD3009ECF36 /* Build configuration list for PBXNativeTarget "oTo" */ = {
			isa = XCConfigurationList;
			buildConfigurations = (
				A4824D2E19D99DD3009ECF36 /* Debug */,
				A4824D2F19D99DD3009ECF36 /* Release */,
			);
			defaultConfigurationIsVisible = 0;
		};
		A4824D3019D99DD3009ECF36 /* Build configuration list for PBXNativeTarget "oToTests" */ = {
			isa = XCConfigurationList;
			buildConfigurations = (
				A4824D3119D99DD3009ECF36 /* Debug */,
				A4824D3219D99DD3009ECF36 /* Release */,
			);
			defaultConfigurationIsVisible = 0;
		};
/* End XCConfigurationList section */
	};
	rootObject = A4824D0419D99DD3009ECF36 /* Project object */;
}
